
Microsoft Visual Studio Solution File, Format Version 12.00
# Visual Studio Version 17
VisualStudioVersion = 17.3.32825.248
MinimumVisualStudioVersion = 10.0.40219.1
Project("{2150E333-8FDC-42A3-9474-1A3956D46DE8}") = "Services", "Services", "{E9F3FD46-3D94-46D1-A1E1-0B662EA09D3F}"
EndProject
Project("{2150E333-8FDC-42A3-9474-1A3956D46DE8}") = "Catalog", "Catalog", "{1E8028F6-3468-4B2D-9C70-682A39B43798}"
EndProject
Project("{9A19103F-16F7-4668-BE54-9A1E7A4F7556}") = "Catalog.API", "Services\Catalog\Catalog.API\Catalog.API.csproj", "{3244E149-05AD-443C-8BD5-30D2BB4650EE}"
EndProject
Project("{E53339B2-1760-4266-BCC7-CA923CBCF16C}") = "docker-compose", "docker-compose.dcproj", "{B50FFC70-E0A5-4B26-9AE9-EF4A839E9E69}"
EndProject
Project("{2150E333-8FDC-42A3-9474-1A3956D46DE8}") = "Basket", "Basket", "{D8C4C0D5-62E0-4FFE-924F-6CCA5628EC95}"
EndProject
Project("{9A19103F-16F7-4668-BE54-9A1E7A4F7556}") = "Basket.API", "Services\Basket\Basket.API\Basket.API.csproj", "{25A83739-E84D-4E36-9E06-FC1B3847C175}"
EndProject
Project("{2150E333-8FDC-42A3-9474-1A3956D46DE8}") = "Discount", "Discount", "{A51C69E0-7E11-4ECA-A726-85F8D8A0AD90}"
EndProject
Project("{9A19103F-16F7-4668-BE54-9A1E7A4F7556}") = "Discount.API", "Services\Discount\Discount.API\Discount.API.csproj", "{F809C014-3C1A-4682-A185-ACF72B594B85}"
EndProject
Project("{9A19103F-16F7-4668-BE54-9A1E7A4F7556}") = "Discount.GRPC", "Services\Discount\Discount.GRPC\Discount.GRPC.csproj", "{2AAD3AE2-5F8C-4249-A93D-A3F50E7C0CDD}"
EndProject
Project("{2150E333-8FDC-42A3-9474-1A3956D46DE8}") = "Ordering", "Ordering", "{3E3E33CF-5C88-4527-9F8B-E88061E31585}"
EndProject
Project("{9A19103F-16F7-4668-BE54-9A1E7A4F7556}") = "Ordering.API", "Services\Ordering\Ordering.API\Ordering.API.csproj", "{55A37EE7-8735-44BB-8A7F-AD313CE6560C}"
EndProject
Project("{9A19103F-16F7-4668-BE54-9A1E7A4F7556}") = "Ordering.Domain", "Services\Ordering\Ordering.Domain\Ordering.Domain.csproj", "{9DD3DE85-6CDC-43D0-96D7-0638683D3121}"
EndProject
Project("{9A19103F-16F7-4668-BE54-9A1E7A4F7556}") = "Ordering.Infrastructure", "Services\Ordering\Ordering.Infrastructure\Ordering.Infrastructure.csproj", "{98D56FCA-18B2-448D-9681-B5F5E775D71D}"
EndProject
Project("{2150E333-8FDC-42A3-9474-1A3956D46DE8}") = "BuildingBlocks", "BuildingBlocks", "{4225BAD1-BF6B-4DC1-AB1D-C8E68FFFEC2D}"
EndProject
Project("{9A19103F-16F7-4668-BE54-9A1E7A4F7556}") = "EventBus.Messages", "BuildingBlocks\EventBus.Messages\EventBus.Messages.csproj", "{4BB8BA9E-AF5C-419F-A2F0-71CA7E62B699}"
EndProject
Project("{2150E333-8FDC-42A3-9474-1A3956D46DE8}") = "ApiGateways", "ApiGateways", "{107944A1-9BDA-4802-ADA2-AB04BE108AB8}"
EndProject
Project("{9A19103F-16F7-4668-BE54-9A1E7A4F7556}") = "OcelotApiGateway", "ApiGateways\OcelotApiGateway\OcelotApiGateway.csproj", "{096BB068-A417-4FD7-9D18-6D04A986BA96}"
EndProject
Project("{9A19103F-16F7-4668-BE54-9A1E7A4F7556}") = "Shopping.Aggregator", "ApiGateways\Shopping.Aggregator\Shopping.Aggregator.csproj", "{83B49951-0CF0-45CC-9845-BD1A7CBAA84D}"
EndProject
Project("{2150E333-8FDC-42A3-9474-1A3956D46DE8}") = "WebUI", "WebUI", "{9A944407-4A3C-41C2-8DA9-D6880AC3DC73}"
EndProject
Project("{9A19103F-16F7-4668-BE54-9A1E7A4F7556}") = "ShoppingUI", "WebUI\ShoppingUI\ShoppingUI.csproj", "{BF5D2DE1-1BB3-4406-9A77-7FFE99F713B9}"
EndProject
Project("{FAE04EC0-301F-11D3-BF4B-00C04F79EFBC}") = "Ordering.Application", "..\Ordering.Application\Ordering.Application.csproj", "{0A8BF1ED-65A5-4C41-9F42-664505F214BA}"
EndProject
Global
	GlobalSection(SolutionConfigurationPlatforms) = preSolution
		Debug|Any CPU = Debug|Any CPU
		Release|Any CPU = Release|Any CPU
	EndGlobalSection
	GlobalSection(ProjectConfigurationPlatforms) = postSolution
		{3244E149-05AD-443C-8BD5-30D2BB4650EE}.Debug|Any CPU.ActiveCfg = Debug|Any CPU
		{3244E149-05AD-443C-8BD5-30D2BB4650EE}.Debug|Any CPU.Build.0 = Debug|Any CPU
		{3244E149-05AD-443C-8BD5-30D2BB4650EE}.Release|Any CPU.ActiveCfg = Release|Any CPU
		{3244E149-05AD-443C-8BD5-30D2BB4650EE}.Release|Any CPU.Build.0 = Release|Any CPU
		{B50FFC70-E0A5-4B26-9AE9-EF4A839E9E69}.Debug|Any CPU.ActiveCfg = Debug|Any CPU
		{B50FFC70-E0A5-4B26-9AE9-EF4A839E9E69}.Debug|Any CPU.Build.0 = Debug|Any CPU
		{B50FFC70-E0A5-4B26-9AE9-EF4A839E9E69}.Release|Any CPU.ActiveCfg = Release|Any CPU
		{B50FFC70-E0A5-4B26-9AE9-EF4A839E9E69}.Release|Any CPU.Build.0 = Release|Any CPU
		{25A83739-E84D-4E36-9E06-FC1B3847C175}.Debug|Any CPU.ActiveCfg = Debug|Any CPU
		{25A83739-E84D-4E36-9E06-FC1B3847C175}.Debug|Any CPU.Build.0 = Debug|Any CPU
		{25A83739-E84D-4E36-9E06-FC1B3847C175}.Release|Any CPU.ActiveCfg = Release|Any CPU
		{25A83739-E84D-4E36-9E06-FC1B3847C175}.Release|Any CPU.Build.0 = Release|Any CPU
		{F809C014-3C1A-4682-A185-ACF72B594B85}.Debug|Any CPU.ActiveCfg = Debug|Any CPU
		{F809C014-3C1A-4682-A185-ACF72B594B85}.Debug|Any CPU.Build.0 = Debug|Any CPU
		{F809C014-3C1A-4682-A185-ACF72B594B85}.Release|Any CPU.ActiveCfg = Release|Any CPU
		{F809C014-3C1A-4682-A185-ACF72B594B85}.Release|Any CPU.Build.0 = Release|Any CPU
		{2AAD3AE2-5F8C-4249-A93D-A3F50E7C0CDD}.Debug|Any CPU.ActiveCfg = Debug|Any CPU
		{2AAD3AE2-5F8C-4249-A93D-A3F50E7C0CDD}.Debug|Any CPU.Build.0 = Debug|Any CPU
		{2AAD3AE2-5F8C-4249-A93D-A3F50E7C0CDD}.Release|Any CPU.ActiveCfg = Release|Any CPU
		{2AAD3AE2-5F8C-4249-A93D-A3F50E7C0CDD}.Release|Any CPU.Build.0 = Release|Any CPU
		{55A37EE7-8735-44BB-8A7F-AD313CE6560C}.Debug|Any CPU.ActiveCfg = Debug|Any CPU
		{55A37EE7-8735-44BB-8A7F-AD313CE6560C}.Debug|Any CPU.Build.0 = Debug|Any CPU
		{55A37EE7-8735-44BB-8A7F-AD313CE6560C}.Release|Any CPU.ActiveCfg = Release|Any CPU
		{55A37EE7-8735-44BB-8A7F-AD313CE6560C}.Release|Any CPU.Build.0 = Release|Any CPU
		{9DD3DE85-6CDC-43D0-96D7-0638683D3121}.Debug|Any CPU.ActiveCfg = Debug|Any CPU
		{9DD3DE85-6CDC-43D0-96D7-0638683D3121}.Debug|Any CPU.Build.0 = Debug|Any CPU
		{9DD3DE85-6CDC-43D0-96D7-0638683D3121}.Release|Any CPU.ActiveCfg = Release|Any CPU
		{9DD3DE85-6CDC-43D0-96D7-0638683D3121}.Release|Any CPU.Build.0 = Release|Any CPU
		{98D56FCA-18B2-448D-9681-B5F5E775D71D}.Debug|Any CPU.ActiveCfg = Debug|Any CPU
		{98D56FCA-18B2-448D-9681-B5F5E775D71D}.Debug|Any CPU.Build.0 = Debug|Any CPU
		{98D56FCA-18B2-448D-9681-B5F5E775D71D}.Release|Any CPU.ActiveCfg = Release|Any CPU
		{98D56FCA-18B2-448D-9681-B5F5E775D71D}.Release|Any CPU.Build.0 = Release|Any CPU
		{4BB8BA9E-AF5C-419F-A2F0-71CA7E62B699}.Debug|Any CPU.ActiveCfg = Debug|Any CPU
		{4BB8BA9E-AF5C-419F-A2F0-71CA7E62B699}.Debug|Any CPU.Build.0 = Debug|Any CPU
		{4BB8BA9E-AF5C-419F-A2F0-71CA7E62B699}.Release|Any CPU.ActiveCfg = Release|Any CPU
		{4BB8BA9E-AF5C-419F-A2F0-71CA7E62B699}.Release|Any CPU.Build.0 = Release|Any CPU
		{096BB068-A417-4FD7-9D18-6D04A986BA96}.Debug|Any CPU.ActiveCfg = Debug|Any CPU
		{096BB068-A417-4FD7-9D18-6D04A986BA96}.Debug|Any CPU.Build.0 = Debug|Any CPU
		{096BB068-A417-4FD7-9D18-6D04A986BA96}.Release|Any CPU.ActiveCfg = Release|Any CPU
		{096BB068-A417-4FD7-9D18-6D04A986BA96}.Release|Any CPU.Build.0 = Release|Any CPU
		{83B49951-0CF0-45CC-9845-BD1A7CBAA84D}.Debug|Any CPU.ActiveCfg = Debug|Any CPU
		{83B49951-0CF0-45CC-9845-BD1A7CBAA84D}.Debug|Any CPU.Build.0 = Debug|Any CPU
		{83B49951-0CF0-45CC-9845-BD1A7CBAA84D}.Release|Any CPU.ActiveCfg = Release|Any CPU
		{83B49951-0CF0-45CC-9845-BD1A7CBAA84D}.Release|Any CPU.Build.0 = Release|Any CPU
		{BF5D2DE1-1BB3-4406-9A77-7FFE99F713B9}.Debug|Any CPU.ActiveCfg = Debug|Any CPU
		{BF5D2DE1-1BB3-4406-9A77-7FFE99F713B9}.Debug|Any CPU.Build.0 = Debug|Any CPU
		{BF5D2DE1-1BB3-4406-9A77-7FFE99F713B9}.Release|Any CPU.ActiveCfg = Release|Any CPU
		{BF5D2DE1-1BB3-4406-9A77-7FFE99F713B9}.Release|Any CPU.Build.0 = Release|Any CPU
		{0A8BF1ED-65A5-4C41-9F42-664505F214BA}.Debug|Any CPU.ActiveCfg = Debug|Any CPU
		{0A8BF1ED-65A5-4C41-9F42-664505F214BA}.Debug|Any CPU.Build.0 = Debug|Any CPU
		{0A8BF1ED-65A5-4C41-9F42-664505F214BA}.Release|Any CPU.ActiveCfg = Release|Any CPU
		{0A8BF1ED-65A5-4C41-9F42-664505F214BA}.Release|Any CPU.Build.0 = Release|Any CPU
	EndGlobalSection
	GlobalSection(SolutionProperties) = preSolution
		HideSolutionNode = FALSE
	EndGlobalSection
	GlobalSection(NestedProjects) = preSolution
		{1E8028F6-3468-4B2D-9C70-682A39B43798} = {E9F3FD46-3D94-46D1-A1E1-0B662EA09D3F}
		{3244E149-05AD-443C-8BD5-30D2BB4650EE} = {1E8028F6-3468-4B2D-9C70-682A39B43798}
		{D8C4C0D5-62E0-4FFE-924F-6CCA5628EC95} = {E9F3FD46-3D94-46D1-A1E1-0B662EA09D3F}
		{25A83739-E84D-4E36-9E06-FC1B3847C175} = {D8C4C0D5-62E0-4FFE-924F-6CCA5628EC95}
		{A51C69E0-7E11-4ECA-A726-85F8D8A0AD90} = {E9F3FD46-3D94-46D1-A1E1-0B662EA09D3F}
		{F809C014-3C1A-4682-A185-ACF72B594B85} = {A51C69E0-7E11-4ECA-A726-85F8D8A0AD90}
		{2AAD3AE2-5F8C-4249-A93D-A3F50E7C0CDD} = {A51C69E0-7E11-4ECA-A726-85F8D8A0AD90}
		{3E3E33CF-5C88-4527-9F8B-E88061E31585} = {E9F3FD46-3D94-46D1-A1E1-0B662EA09D3F}
		{55A37EE7-8735-44BB-8A7F-AD313CE6560C} = {3E3E33CF-5C88-4527-9F8B-E88061E31585}
		{9DD3DE85-6CDC-43D0-96D7-0638683D3121} = {3E3E33CF-5C88-4527-9F8B-E88061E31585}
		{98D56FCA-18B2-448D-9681-B5F5E775D71D} = {3E3E33CF-5C88-4527-9F8B-E88061E31585}
		{4BB8BA9E-AF5C-419F-A2F0-71CA7E62B699} = {4225BAD1-BF6B-4DC1-AB1D-C8E68FFFEC2D}
		{096BB068-A417-4FD7-9D18-6D04A986BA96} = {107944A1-9BDA-4802-ADA2-AB04BE108AB8}
		{83B49951-0CF0-45CC-9845-BD1A7CBAA84D} = {107944A1-9BDA-4802-ADA2-AB04BE108AB8}
		{BF5D2DE1-1BB3-4406-9A77-7FFE99F713B9} = {9A944407-4A3C-41C2-8DA9-D6880AC3DC73}
		{0A8BF1ED-65A5-4C41-9F42-664505F214BA} = {3E3E33CF-5C88-4527-9F8B-E88061E31585}
	EndGlobalSection
	GlobalSection(ExtensibilityGlobals) = postSolution
		SolutionGuid = {651445DA-0A65-407A-9057-10FF484C4DD5}
	EndGlobalSection
EndGlobal
