
Microsoft Visual Studio Solution File, Format Version 12.00
# Visual Studio Version 16
VisualStudioVersion = 16.0.30717.126
MinimumVisualStudioVersion = 10.0.40219.1
Project("{2150E333-8FDC-42A3-9474-1A3956D46DE8}") = "Services", "Services", "{E9F3FD46-3D94-46D1-A1E1-0B662EA09D3F}"
EndProject
Project("{2150E333-8FDC-42A3-9474-1A3956D46DE8}") = "Catalog", "Catalog", "{1E8028F6-3468-4B2D-9C70-682A39B43798}"
EndProject
Project("{9A19103F-16F7-4668-BE54-9A1E7A4F7556}") = "Catalog.API", "Services\Catalog\Catalog.API\Catalog.API.csproj", "{3244E149-05AD-443C-8BD5-30D2BB4650EE}"
EndProject
Project("{E53339B2-1760-4266-BCC7-CA923CBCF16C}") = "docker-compose", "docker-compose.dcproj", "{B50FFC70-E0A5-4B26-9AE9-EF4A839E9E69}"
EndProject
Project("{2150E333-8FDC-42A3-9474-1A3956D46DE8}") = "Basket", "Basket", "{D8C4C0D5-62E0-4FFE-924F-6CCA5628EC95}"
EndProject
Project("{FAE04EC0-301F-11D3-BF4B-00C04F79EFBC}") = "Basket.API", "Services\Basket\Basket.API\Basket.API.csproj", "{25A83739-E84D-4E36-9E06-FC1B3847C175}"
EndProject
Global
	GlobalSection(SolutionConfigurationPlatforms) = preSolution
		Debug|Any CPU = Debug|Any CPU
		Release|Any CPU = Release|Any CPU
	EndGlobalSection
	GlobalSection(ProjectConfigurationPlatforms) = postSolution
		{3244E149-05AD-443C-8BD5-30D2BB4650EE}.Debug|Any CPU.ActiveCfg = Debug|Any CPU
		{3244E149-05AD-443C-8BD5-30D2BB4650EE}.Debug|Any CPU.Build.0 = Debug|Any CPU
		{3244E149-05AD-443C-8BD5-30D2BB4650EE}.Release|Any CPU.ActiveCfg = Release|Any CPU
		{3244E149-05AD-443C-8BD5-30D2BB4650EE}.Release|Any CPU.Build.0 = Release|Any CPU
		{B50FFC70-E0A5-4B26-9AE9-EF4A839E9E69}.Debug|Any CPU.ActiveCfg = Debug|Any CPU
		{B50FFC70-E0A5-4B26-9AE9-EF4A839E9E69}.Debug|Any CPU.Build.0 = Debug|Any CPU
		{B50FFC70-E0A5-4B26-9AE9-EF4A839E9E69}.Release|Any CPU.ActiveCfg = Release|Any CPU
		{B50FFC70-E0A5-4B26-9AE9-EF4A839E9E69}.Release|Any CPU.Build.0 = Release|Any CPU
		{25A83739-E84D-4E36-9E06-FC1B3847C175}.Debug|Any CPU.ActiveCfg = Debug|Any CPU
		{25A83739-E84D-4E36-9E06-FC1B3847C175}.Debug|Any CPU.Build.0 = Debug|Any CPU
		{25A83739-E84D-4E36-9E06-FC1B3847C175}.Release|Any CPU.ActiveCfg = Release|Any CPU
		{25A83739-E84D-4E36-9E06-FC1B3847C175}.Release|Any CPU.Build.0 = Release|Any CPU
	EndGlobalSection
	GlobalSection(SolutionProperties) = preSolution
		HideSolutionNode = FALSE
	EndGlobalSection
	GlobalSection(NestedProjects) = preSolution
		{1E8028F6-3468-4B2D-9C70-682A39B43798} = {E9F3FD46-3D94-46D1-A1E1-0B662EA09D3F}
		{3244E149-05AD-443C-8BD5-30D2BB4650EE} = {1E8028F6-3468-4B2D-9C70-682A39B43798}
		{D8C4C0D5-62E0-4FFE-924F-6CCA5628EC95} = {E9F3FD46-3D94-46D1-A1E1-0B662EA09D3F}
		{25A83739-E84D-4E36-9E06-FC1B3847C175} = {D8C4C0D5-62E0-4FFE-924F-6CCA5628EC95}
	EndGlobalSection
	GlobalSection(ExtensibilityGlobals) = postSolution
		SolutionGuid = {651445DA-0A65-407A-9057-10FF484C4DD5}
	EndGlobalSection
EndGlobal
